
Microsoft Visual Studio Solution File, Format Version 12.00
# Visual Studio 15
VisualStudioVersion = 15.0.28307.572
MinimumVisualStudioVersion = 10.0.40219.1
Project("{FAE04EC0-301F-11D3-BF4B-00C04F79EFBC}") = "Multifabriken", "Multifabriken\Multifabriken.csproj", "{14D5F93E-BB87-4DB8-BB28-31389DB17F8F}"
EndProject
Global
	GlobalSection(SolutionConfigurationPlatforms) = preSolution
		Debug|Any CPU = Debug|Any CPU
		Release|Any CPU = Release|Any CPU
	EndGlobalSection
	GlobalSection(ProjectConfigurationPlatforms) = postSolution
		{14D5F93E-BB87-4DB8-BB28-31389DB17F8F}.Debug|Any CPU.ActiveCfg = Debug|Any CPU
		{14D5F93E-BB87-4DB8-BB28-31389DB17F8F}.Debug|Any CPU.Build.0 = Debug|Any CPU
		{14D5F93E-BB87-4DB8-BB28-31389DB17F8F}.Release|Any CPU.ActiveCfg = Release|Any CPU
		{14D5F93E-BB87-4DB8-BB28-31389DB17F8F}.Release|Any CPU.Build.0 = Release|Any CPU
	EndGlobalSection
	GlobalSection(SolutionProperties) = preSolution
		HideSolutionNode = FALSE
	EndGlobalSection
	GlobalSection(ExtensibilityGlobals) = postSolution
		SolutionGuid = {4D8C5995-D071-433B-998A-89E92AA8E032}
	EndGlobalSection
EndGlobal
